// !$*UTF8*$!
{
	archiveVersion = 1;
	classes = {
	};
	objectVersion = 55;
	objects = {

/* Begin PBXBuildFile section */
		41441693296EBFE400B42376 /* ContentViewModel.swift in Sources */ = {isa = PBXBuildFile; fileRef = 41441692296EBFE400B42376 /* ContentViewModel.swift */; };
		41441699296EE26A00B42376 /* BeaconRow.swift in Sources */ = {isa = PBXBuildFile; fileRef = 41441698296EE26A00B42376 /* BeaconRow.swift */; };
		4144169B296F1B5C00B42376 /* RadarLoader.swift in Sources */ = {isa = PBXBuildFile; fileRef = 4144169A296F1B5C00B42376 /* RadarLoader.swift */; };
		41CB3200299A67C100BE85C0 /* SwiftProtobuf in Frameworks */ = {isa = PBXBuildFile; productRef = 41CB31FF299A67C100BE85C0 /* SwiftProtobuf */; };
		41CB3201299A682E00BE85C0 /* Bytix.framework in Frameworks */ = {isa = PBXBuildFile; fileRef = 41CB31F4299A669200BE85C0 /* Bytix.framework */; };
		41CB3202299A682E00BE85C0 /* Bytix.framework in Embed Frameworks */ = {isa = PBXBuildFile; fileRef = 41CB31F4299A669200BE85C0 /* Bytix.framework */; settings = {ATTRIBUTES = (CodeSignOnCopy, RemoveHeadersOnCopy, ); }; };
		879C207F27F4605400916D1F /* BytixDemo.swift in Sources */ = {isa = PBXBuildFile; fileRef = 879C207E27F4605400916D1F /* BytixDemo.swift */; };
		879C208127F4605400916D1F /* ContentView.swift in Sources */ = {isa = PBXBuildFile; fileRef = 879C208027F4605400916D1F /* ContentView.swift */; };
		879C208327F4605500916D1F /* Assets.xcassets in Resources */ = {isa = PBXBuildFile; fileRef = 879C208227F4605500916D1F /* Assets.xcassets */; };
		879C208627F4605500916D1F /* Preview Assets.xcassets in Resources */ = {isa = PBXBuildFile; fileRef = 879C208527F4605500916D1F /* Preview Assets.xcassets */; };
/* End PBXBuildFile section */

/* Begin PBXCopyFilesBuildPhase section */
		41CB3203299A682E00BE85C0 /* Embed Frameworks */ = {
			isa = PBXCopyFilesBuildPhase;
			buildActionMask = 2147483647;
			dstPath = "";
			dstSubfolderSpec = 10;
			files = (
				41CB3202299A682E00BE85C0 /* Bytix.framework in Embed Frameworks */,
			);
			name = "Embed Frameworks";
			runOnlyForDeploymentPostprocessing = 0;
		};
/* End PBXCopyFilesBuildPhase section */

/* Begin PBXFileReference section */
		41441692296EBFE400B42376 /* ContentViewModel.swift */ = {isa = PBXFileReference; lastKnownFileType = sourcecode.swift; path = ContentViewModel.swift; sourceTree = "<group>"; };
		41441698296EE26A00B42376 /* BeaconRow.swift */ = {isa = PBXFileReference; lastKnownFileType = sourcecode.swift; path = BeaconRow.swift; sourceTree = "<group>"; };
		4144169A296F1B5C00B42376 /* RadarLoader.swift */ = {isa = PBXFileReference; lastKnownFileType = sourcecode.swift; path = RadarLoader.swift; sourceTree = "<group>"; };
		41CB31F4299A669200BE85C0 /* Bytix.framework */ = {isa = PBXFileReference; explicitFileType = wrapper.framework; path = Bytix.framework; sourceTree = BUILT_PRODUCTS_DIR; };
		879C207B27F4605400916D1F /* BytixDemo.app */ = {isa = PBXFileReference; explicitFileType = wrapper.application; includeInIndex = 0; path = BytixDemo.app; sourceTree = BUILT_PRODUCTS_DIR; };
		879C207E27F4605400916D1F /* BytixDemo.swift */ = {isa = PBXFileReference; lastKnownFileType = sourcecode.swift; path = BytixDemo.swift; sourceTree = "<group>"; };
		879C208027F4605400916D1F /* ContentView.swift */ = {isa = PBXFileReference; lastKnownFileType = sourcecode.swift; path = ContentView.swift; sourceTree = "<group>"; };
		879C208227F4605500916D1F /* Assets.xcassets */ = {isa = PBXFileReference; lastKnownFileType = folder.assetcatalog; path = Assets.xcassets; sourceTree = "<group>"; };
		879C208527F4605500916D1F /* Preview Assets.xcassets */ = {isa = PBXFileReference; lastKnownFileType = folder.assetcatalog; path = "Preview Assets.xcassets"; sourceTree = "<group>"; };
/* End PBXFileReference section */

/* Begin PBXFrameworksBuildPhase section */
		879C207827F4605400916D1F /* Frameworks */ = {
			isa = PBXFrameworksBuildPhase;
			buildActionMask = 2147483647;
			files = (
				41CB3200299A67C100BE85C0 /* SwiftProtobuf in Frameworks */,
				41CB3201299A682E00BE85C0 /* Bytix.framework in Frameworks */,
			);
			runOnlyForDeploymentPostprocessing = 0;
		};
/* End PBXFrameworksBuildPhase section */

/* Begin PBXGroup section */
		6FC8E16609B7FB8147C2C1FF /* Frameworks */ = {
			isa = PBXGroup;
			children = (
				41CB31F4299A669200BE85C0 /* Bytix.framework */,
			);
			name = Frameworks;
			sourceTree = "<group>";
		};
		879C207227F4605400916D1F = {
			isa = PBXGroup;
			children = (
				879C207D27F4605400916D1F /* BytixDemo */,
				879C207C27F4605400916D1F /* Products */,
				6FC8E16609B7FB8147C2C1FF /* Frameworks */,
			);
			sourceTree = "<group>";
		};
		879C207C27F4605400916D1F /* Products */ = {
			isa = PBXGroup;
			children = (
				879C207B27F4605400916D1F /* BytixDemo.app */,
			);
			name = Products;
			sourceTree = "<group>";
		};
		879C207D27F4605400916D1F /* BytixDemo */ = {
			isa = PBXGroup;
			children = (
				879C207E27F4605400916D1F /* BytixDemo.swift */,
				879C208027F4605400916D1F /* ContentView.swift */,
				41441698296EE26A00B42376 /* BeaconRow.swift */,
				4144169A296F1B5C00B42376 /* RadarLoader.swift */,
				41441692296EBFE400B42376 /* ContentViewModel.swift */,
				879C208227F4605500916D1F /* Assets.xcassets */,
				879C208427F4605500916D1F /* Preview Content */,
			);
			path = BytixDemo;
			sourceTree = "<group>";
		};
		879C208427F4605500916D1F /* Preview Content */ = {
			isa = PBXGroup;
			children = (
				879C208527F4605500916D1F /* Preview Assets.xcassets */,
			);
			path = "Preview Content";
			sourceTree = "<group>";
		};
/* End PBXGroup section */

/* Begin PBXNativeTarget section */
		879C207A27F4605400916D1F /* BytixDemo */ = {
			isa = PBXNativeTarget;
			buildConfigurationList = 879C208927F4605500916D1F /* Build configuration list for PBXNativeTarget "BytixDemo" */;
			buildPhases = (
				879C207727F4605400916D1F /* Sources */,
				879C207827F4605400916D1F /* Frameworks */,
				879C207927F4605400916D1F /* Resources */,
				41CB3203299A682E00BE85C0 /* Embed Frameworks */,
			);
			buildRules = (
			);
			dependencies = (
			);
			name = BytixDemo;
			packageProductDependencies = (
				41CB31FF299A67C100BE85C0 /* SwiftProtobuf */,
			);
			productName = DemoApp;
			productReference = 879C207B27F4605400916D1F /* BytixDemo.app */;
			productType = "com.apple.product-type.application";
		};
/* End PBXNativeTarget section */

/* Begin PBXProject section */
		879C207327F4605400916D1F /* Project object */ = {
			isa = PBXProject;
			attributes = {
				BuildIndependentTargetsInParallel = 1;
				LastSwiftUpdateCheck = 1330;
				LastUpgradeCheck = 1330;
				TargetAttributes = {
					879C207A27F4605400916D1F = {
						CreatedOnToolsVersion = 13.3;
					};
				};
			};
			buildConfigurationList = 879C207627F4605400916D1F /* Build configuration list for PBXProject "BytixDemo" */;
			compatibilityVersion = "Xcode 13.0";
			developmentRegion = en;
			hasScannedForEncodings = 0;
			knownRegions = (
				en,
				Base,
			);
			mainGroup = 879C207227F4605400916D1F;
			packageReferences = (
				41CB31F8299A674500BE85C0 /* XCRemoteSwiftPackageReference "swift-protobuf" */,
			);
			productRefGroup = 879C207C27F4605400916D1F /* Products */;
			projectDirPath = "";
			projectRoot = "";
			targets = (
				879C207A27F4605400916D1F /* BytixDemo */,
			);
		};
/* End PBXProject section */

/* Begin PBXResourcesBuildPhase section */
		879C207927F4605400916D1F /* Resources */ = {
			isa = PBXResourcesBuildPhase;
			buildActionMask = 2147483647;
			files = (
				879C208627F4605500916D1F /* Preview Assets.xcassets in Resources */,
				879C208327F4605500916D1F /* Assets.xcassets in Resources */,
			);
			runOnlyForDeploymentPostprocessing = 0;
		};
/* End PBXResourcesBuildPhase section */

/* Begin PBXSourcesBuildPhase section */
		879C207727F4605400916D1F /* Sources */ = {
			isa = PBXSourcesBuildPhase;
			buildActionMask = 2147483647;
			files = (
				4144169B296F1B5C00B42376 /* RadarLoader.swift in Sources */,
				879C208127F4605400916D1F /* ContentView.swift in Sources */,
				879C207F27F4605400916D1F /* BytixDemo.swift in Sources */,
				41441699296EE26A00B42376 /* BeaconRow.swift in Sources */,
				41441693296EBFE400B42376 /* ContentViewModel.swift in Sources */,
			);
			runOnlyForDeploymentPostprocessing = 0;
		};
/* End PBXSourcesBuildPhase section */

/* Begin XCBuildConfiguration section */
		879C208727F4605500916D1F /* Debug */ = {
			isa = XCBuildConfiguration;
			buildSettings = {
				ALWAYS_SEARCH_USER_PATHS = NO;
				CLANG_ANALYZER_NONNULL = YES;
				CLANG_ANALYZER_NUMBER_OBJECT_CONVERSION = YES_AGGRESSIVE;
				CLANG_CXX_LANGUAGE_STANDARD = "gnu++17";
				CLANG_ENABLE_MODULES = YES;
				CLANG_ENABLE_OBJC_ARC = YES;
				CLANG_ENABLE_OBJC_WEAK = YES;
				CLANG_WARN_BLOCK_CAPTURE_AUTORELEASING = YES;
				CLANG_WARN_BOOL_CONVERSION = YES;
				CLANG_WARN_COMMA = YES;
				CLANG_WARN_CONSTANT_CONVERSION = YES;
				CLANG_WARN_DEPRECATED_OBJC_IMPLEMENTATIONS = YES;
				CLANG_WARN_DIRECT_OBJC_ISA_USAGE = YES_ERROR;
				CLANG_WARN_DOCUMENTATION_COMMENTS = YES;
				CLANG_WARN_EMPTY_BODY = YES;
				CLANG_WARN_ENUM_CONVERSION = YES;
				CLANG_WARN_INFINITE_RECURSION = YES;
				CLANG_WARN_INT_CONVERSION = YES;
				CLANG_WARN_NON_LITERAL_NULL_CONVERSION = YES;
				CLANG_WARN_OBJC_IMPLICIT_RETAIN_SELF = YES;
				CLANG_WARN_OBJC_LITERAL_CONVERSION = YES;
				CLANG_WARN_OBJC_ROOT_CLASS = YES_ERROR;
				CLANG_WARN_QUOTED_INCLUDE_IN_FRAMEWORK_HEADER = YES;
				CLANG_WARN_RANGE_LOOP_ANALYSIS = YES;
				CLANG_WARN_STRICT_PROTOTYPES = YES;
				CLANG_WARN_SUSPICIOUS_MOVE = YES;
				CLANG_WARN_UNGUARDED_AVAILABILITY = YES_AGGRESSIVE;
				CLANG_WARN_UNREACHABLE_CODE = YES;
				CLANG_WARN__DUPLICATE_METHOD_MATCH = YES;
				COPY_PHASE_STRIP = NO;
				DEBUG_INFORMATION_FORMAT = dwarf;
				ENABLE_STRICT_OBJC_MSGSEND = YES;
				ENABLE_TESTABILITY = YES;
				GCC_C_LANGUAGE_STANDARD = gnu11;
				GCC_DYNAMIC_NO_PIC = NO;
				GCC_NO_COMMON_BLOCKS = YES;
				GCC_OPTIMIZATION_LEVEL = 0;
				GCC_PREPROCESSOR_DEFINITIONS = (
					"DEBUG=1",
					"$(inherited)",
				);
				GCC_WARN_64_TO_32_BIT_CONVERSION = YES;
				GCC_WARN_ABOUT_RETURN_TYPE = YES_ERROR;
				GCC_WARN_UNDECLARED_SELECTOR = YES;
				GCC_WARN_UNINITIALIZED_AUTOS = YES_AGGRESSIVE;
				GCC_WARN_UNUSED_FUNCTION = YES;
				GCC_WARN_UNUSED_VARIABLE = YES;
				IPHONEOS_DEPLOYMENT_TARGET = 15.0;
				MTL_ENABLE_DEBUG_INFO = INCLUDE_SOURCE;
				MTL_FAST_MATH = YES;
				ONLY_ACTIVE_ARCH = YES;
				SDKROOT = iphoneos;
				SWIFT_ACTIVE_COMPILATION_CONDITIONS = DEBUG;
				SWIFT_OPTIMIZATION_LEVEL = "-Onone";
			};
			name = Debug;
		};
		879C208827F4605500916D1F /* Release */ = {
			isa = XCBuildConfiguration;
			buildSettings = {
				ALWAYS_SEARCH_USER_PATHS = NO;
				CLANG_ANALYZER_NONNULL = YES;
				CLANG_ANALYZER_NUMBER_OBJECT_CONVERSION = YES_AGGRESSIVE;
				CLANG_CXX_LANGUAGE_STANDARD = "gnu++17";
				CLANG_ENABLE_MODULES = YES;
				CLANG_ENABLE_OBJC_ARC = YES;
				CLANG_ENABLE_OBJC_WEAK = YES;
				CLANG_WARN_BLOCK_CAPTURE_AUTORELEASING = YES;
				CLANG_WARN_BOOL_CONVERSION = YES;
				CLANG_WARN_COMMA = YES;
				CLANG_WARN_CONSTANT_CONVERSION = YES;
				CLANG_WARN_DEPRECATED_OBJC_IMPLEMENTATIONS = YES;
				CLANG_WARN_DIRECT_OBJC_ISA_USAGE = YES_ERROR;
				CLANG_WARN_DOCUMENTATION_COMMENTS = YES;
				CLANG_WARN_EMPTY_BODY = YES;
				CLANG_WARN_ENUM_CONVERSION = YES;
				CLANG_WARN_INFINITE_RECURSION = YES;
				CLANG_WARN_INT_CONVERSION = YES;
				CLANG_WARN_NON_LITERAL_NULL_CONVERSION = YES;
				CLANG_WARN_OBJC_IMPLICIT_RETAIN_SELF = YES;
				CLANG_WARN_OBJC_LITERAL_CONVERSION = YES;
				CLANG_WARN_OBJC_ROOT_CLASS = YES_ERROR;
				CLANG_WARN_QUOTED_INCLUDE_IN_FRAMEWORK_HEADER = YES;
				CLANG_WARN_RANGE_LOOP_ANALYSIS = YES;
				CLANG_WARN_STRICT_PROTOTYPES = YES;
				CLANG_WARN_SUSPICIOUS_MOVE = YES;
				CLANG_WARN_UNGUARDED_AVAILABILITY = YES_AGGRESSIVE;
				CLANG_WARN_UNREACHABLE_CODE = YES;
				CLANG_WARN__DUPLICATE_METHOD_MATCH = YES;
				COPY_PHASE_STRIP = NO;
				DEBUG_INFORMATION_FORMAT = "dwarf-with-dsym";
				ENABLE_NS_ASSERTIONS = NO;
				ENABLE_STRICT_OBJC_MSGSEND = YES;
				GCC_C_LANGUAGE_STANDARD = gnu11;
				GCC_NO_COMMON_BLOCKS = YES;
				GCC_WARN_64_TO_32_BIT_CONVERSION = YES;
				GCC_WARN_ABOUT_RETURN_TYPE = YES_ERROR;
				GCC_WARN_UNDECLARED_SELECTOR = YES;
				GCC_WARN_UNINITIALIZED_AUTOS = YES_AGGRESSIVE;
				GCC_WARN_UNUSED_FUNCTION = YES;
				GCC_WARN_UNUSED_VARIABLE = YES;
				IPHONEOS_DEPLOYMENT_TARGET = 15.0;
				MTL_ENABLE_DEBUG_INFO = NO;
				MTL_FAST_MATH = YES;
				SDKROOT = iphoneos;
				SWIFT_COMPILATION_MODE = wholemodule;
				SWIFT_OPTIMIZATION_LEVEL = "-O";
				VALIDATE_PRODUCT = YES;
			};
			name = Release;
		};
		879C208A27F4605500916D1F /* Debug */ = {
			isa = XCBuildConfiguration;
			buildSettings = {
				ASSETCATALOG_COMPILER_APPICON_NAME = AppIcon;
				ASSETCATALOG_COMPILER_GLOBAL_ACCENT_COLOR_NAME = AccentColor;
				CODE_SIGN_IDENTITY = "Apple Development";
				CODE_SIGN_STYLE = Automatic;
				CURRENT_PROJECT_VERSION = 1;
				DEVELOPMENT_ASSET_PATHS = "\"BytixDemo/Preview Content\"";
				DEVELOPMENT_TEAM = 7HR546X8N8;
				ENABLE_PREVIEWS = YES;
				GENERATE_INFOPLIST_FILE = YES;
				INFOPLIST_KEY_LSApplicationCategoryType = "public.app-category.business";
				INFOPLIST_KEY_NSBluetoothAlwaysUsageDescription = "Приложение использует Bluetooth для поиска, подключения и взаимодействия с удаленными устройствами";
				INFOPLIST_KEY_UIApplicationSceneManifest_Generation = YES;
				INFOPLIST_KEY_UIApplicationSupportsIndirectInputEvents = YES;
				INFOPLIST_KEY_UILaunchScreen_Generation = YES;
				INFOPLIST_KEY_UISupportedInterfaceOrientations = UIInterfaceOrientationPortrait;
				INFOPLIST_KEY_UISupportedInterfaceOrientations_iPad = "UIInterfaceOrientationLandscapeLeft UIInterfaceOrientationLandscapeRight UIInterfaceOrientationPortrait UIInterfaceOrientationPortraitUpsideDown";
				LD_RUNPATH_SEARCH_PATHS = (
					"$(inherited)",
					"@executable_path/Frameworks",
				);
				MARKETING_VERSION = 1.0;
				PRODUCT_BUNDLE_IDENTIFIER = ru.bytix.demo.app;
				PRODUCT_NAME = "$(TARGET_NAME)";
				PROVISIONING_PROFILE_SPECIFIER = "";
				SUPPORTED_PLATFORMS = "iphoneos iphonesimulator";
				SUPPORTS_MACCATALYST = NO;
				SUPPORTS_MAC_DESIGNED_FOR_IPHONE_IPAD = NO;
				SWIFT_EMIT_LOC_STRINGS = YES;
				SWIFT_VERSION = 5.0;
				TARGETED_DEVICE_FAMILY = 1;
			};
			name = Debug;
		};
		879C208B27F4605500916D1F /* Release */ = {
			isa = XCBuildConfiguration;
			buildSettings = {
				ASSETCATALOG_COMPILER_APPICON_NAME = AppIcon;
				ASSETCATALOG_COMPILER_GLOBAL_ACCENT_COLOR_NAME = AccentColor;
				CODE_SIGN_IDENTITY = "Apple Development";
				CODE_SIGN_STYLE = Automatic;
				CURRENT_PROJECT_VERSION = 1;
				DEVELOPMENT_ASSET_PATHS = "\"BytixDemo/Preview Content\"";
				DEVELOPMENT_TEAM = 7HR546X8N8;
				ENABLE_PREVIEWS = YES;
				GENERATE_INFOPLIST_FILE = YES;
				INFOPLIST_KEY_LSApplicationCategoryType = "public.app-category.business";
				INFOPLIST_KEY_NSBluetoothAlwaysUsageDescription = "Приложение использует Bluetooth для поиска, подключения и взаимодействия с удаленными устройствами";
				INFOPLIST_KEY_UIApplicationSceneManifest_Generation = YES;
				INFOPLIST_KEY_UIApplicationSupportsIndirectInputEvents = YES;
				INFOPLIST_KEY_UILaunchScreen_Generation = YES;
				INFOPLIST_KEY_UISupportedInterfaceOrientations = UIInterfaceOrientationPortrait;
				INFOPLIST_KEY_UISupportedInterfaceOrientations_iPad = "UIInterfaceOrientationLandscapeLeft UIInterfaceOrientationLandscapeRight UIInterfaceOrientationPortrait UIInterfaceOrientationPortraitUpsideDown";
				LD_RUNPATH_SEARCH_PATHS = (
					"$(inherited)",
					"@executable_path/Frameworks",
				);
				MARKETING_VERSION = 1.0;
				PRODUCT_BUNDLE_IDENTIFIER = ru.bytix.demo.app;
				PRODUCT_NAME = "$(TARGET_NAME)";
				PROVISIONING_PROFILE_SPECIFIER = "";
				SUPPORTED_PLATFORMS = "iphoneos iphonesimulator";
				SUPPORTS_MACCATALYST = NO;
				SUPPORTS_MAC_DESIGNED_FOR_IPHONE_IPAD = NO;
				SWIFT_EMIT_LOC_STRINGS = YES;
				SWIFT_VERSION = 5.0;
				TARGETED_DEVICE_FAMILY = 1;
			};
			name = Release;
		};
/* End XCBuildConfiguration section */

/* Begin XCConfigurationList section */
		879C207627F4605400916D1F /* Build configuration list for PBXProject "BytixDemo" */ = {
			isa = XCConfigurationList;
			buildConfigurations = (
				879C208727F4605500916D1F /* Debug */,
				879C208827F4605500916D1F /* Release */,
			);
			defaultConfigurationIsVisible = 0;
			defaultConfigurationName = Release;
		};
		879C208927F4605500916D1F /* Build configuration list for PBXNativeTarget "BytixDemo" */ = {
			isa = XCConfigurationList;
			buildConfigurations = (
				879C208A27F4605500916D1F /* Debug */,
				879C208B27F4605500916D1F /* Release */,
			);
			defaultConfigurationIsVisible = 0;
			defaultConfigurationName = Release;
		};
/* End XCConfigurationList section */

/* Begin XCRemoteSwiftPackageReference section */
		41CB31F8299A674500BE85C0 /* XCRemoteSwiftPackageReference "swift-protobuf" */ = {
			isa = XCRemoteSwiftPackageReference;
			repositoryURL = "https://github.com/apple/swift-protobuf.git";
			requirement = {
				kind = upToNextMajorVersion;
				minimumVersion = 1.0.0;
			};
		};
/* End XCRemoteSwiftPackageReference section */

/* Begin XCSwiftPackageProductDependency section */
		41CB31FF299A67C100BE85C0 /* SwiftProtobuf */ = {
			isa = XCSwiftPackageProductDependency;
			package = 41CB31F8299A674500BE85C0 /* XCRemoteSwiftPackageReference "swift-protobuf" */;
			productName = SwiftProtobuf;
		};
/* End XCSwiftPackageProductDependency section */
	};
	rootObject = 879C207327F4605400916D1F /* Project object */;
}
